
Microsoft Visual Studio Solution File, Format Version 12.00
# Visual Studio 2012
Project("{E24C65DC-7377-472B-9ABA-BC803B73C61A}") = "WeThrustManagment", "E:\Luiza\FATEC\7º Semestre - DP\Script\Interdisciplinar\We Thrust\WeThrustManagment\", "{BEE313DE-F04D-41B2-BA7E-CEB81C70CA2C}"
	ProjectSection(WebsiteProperties) = preProject
		TargetFrameworkMoniker = ".NETFramework,Version%3Dv4.0"
		Debug.AspNetCompiler.VirtualPath = "/WeThrustManagment"
		Debug.AspNetCompiler.PhysicalPath = "..\WeThrustManagment\"
		Debug.AspNetCompiler.TargetPath = "PrecompiledWeb\WeThrustManagment\"
		Debug.AspNetCompiler.Updateable = "true"
		Debug.AspNetCompiler.ForceOverwrite = "true"
		Debug.AspNetCompiler.FixedNames = "false"
		Debug.AspNetCompiler.Debug = "True"
		Release.AspNetCompiler.VirtualPath = "/WeThrustManagment"
		Release.AspNetCompiler.PhysicalPath = "..\WeThrustManagment\"
		Release.AspNetCompiler.TargetPath = "PrecompiledWeb\WeThrustManagment\"
		Release.AspNetCompiler.Updateable = "true"
		Release.AspNetCompiler.ForceOverwrite = "true"
		Release.AspNetCompiler.FixedNames = "false"
		Release.AspNetCompiler.Debug = "False"
		VWDPort = "6588"
	EndProjectSection
EndProject
Global
	GlobalSection(SolutionConfigurationPlatforms) = preSolution
		Debug|Any CPU = Debug|Any CPU
	EndGlobalSection
	GlobalSection(ProjectConfigurationPlatforms) = postSolution
		{BEE313DE-F04D-41B2-BA7E-CEB81C70CA2C}.Debug|Any CPU.ActiveCfg = Debug|Any CPU
		{BEE313DE-F04D-41B2-BA7E-CEB81C70CA2C}.Debug|Any CPU.Build.0 = Debug|Any CPU
	EndGlobalSection
	GlobalSection(SolutionProperties) = preSolution
		HideSolutionNode = FALSE
	EndGlobalSection
EndGlobal
